
Microsoft Visual Studio Solution File, Format Version 12.00
# Visual Studio Version 17
VisualStudioVersion = 17.1.32414.318
MinimumVisualStudioVersion = 10.0.40219.1
Project("{9A19103F-16F7-4668-BE54-9A1E7A4F7556}") = "Calculator", "Calculator\Calculator.csproj", "{B858A972-BECE-4524-8931-AD24F9492DD2}"
EndProject
Project("{FAE04EC0-301F-11D3-BF4B-00C04F79EFBC}") = "Calculator.UnitTests", "Calculator.UnitTests\Calculator.UnitTests.csproj", "{E06C3414-1082-4EAE-A213-524545E15D74}"
EndProject
Global
	GlobalSection(SolutionConfigurationPlatforms) = preSolution
		Debug|Any CPU = Debug|Any CPU
		Release|Any CPU = Release|Any CPU
	EndGlobalSection
	GlobalSection(ProjectConfigurationPlatforms) = postSolution
		{B858A972-BECE-4524-8931-AD24F9492DD2}.Debug|Any CPU.ActiveCfg = Debug|Any CPU
		{B858A972-BECE-4524-8931-AD24F9492DD2}.Debug|Any CPU.Build.0 = Debug|Any CPU
		{B858A972-BECE-4524-8931-AD24F9492DD2}.Release|Any CPU.ActiveCfg = Release|Any CPU
		{B858A972-BECE-4524-8931-AD24F9492DD2}.Release|Any CPU.Build.0 = Release|Any CPU
		{E06C3414-1082-4EAE-A213-524545E15D74}.Debug|Any CPU.ActiveCfg = Debug|Any CPU
		{E06C3414-1082-4EAE-A213-524545E15D74}.Debug|Any CPU.Build.0 = Debug|Any CPU
		{E06C3414-1082-4EAE-A213-524545E15D74}.Release|Any CPU.ActiveCfg = Release|Any CPU
		{E06C3414-1082-4EAE-A213-524545E15D74}.Release|Any CPU.Build.0 = Release|Any CPU
	EndGlobalSection
	GlobalSection(SolutionProperties) = preSolution
		HideSolutionNode = FALSE
	EndGlobalSection
	GlobalSection(ExtensibilityGlobals) = postSolution
		SolutionGuid = {8FB5EE13-3CCB-4A74-B8D3-42AF19514E7B}
	EndGlobalSection
EndGlobal
